// !$*UTF8*$!
{
	archiveVersion = 1;
	classes = {
	};
	objectVersion = 46;
	objects = {

/* Begin PBXBuildFile section */
		121837E51DEE786A00C6D104 /* htmlBuilder.m in Sources */ = {isa = PBXBuildFile; fileRef = 121837E41DEE786A00C6D104 /* htmlBuilder.m */; };
		121837E81DEE787800C6D104 /* xmlBuilder.m in Sources */ = {isa = PBXBuildFile; fileRef = 121837E71DEE787800C6D104 /* xmlBuilder.m */; };
		121837EB1DEEAF1B00C6D104 /* builderDirector.m in Sources */ = {isa = PBXBuildFile; fileRef = 121837EA1DEEAF1B00C6D104 /* builderDirector.m */; };
		1231DD771DEE5F8C00D74014 /* main.m in Sources */ = {isa = PBXBuildFile; fileRef = 1231DD761DEE5F8C00D74014 /* main.m */; };
		1231DD7A1DEE5F8C00D74014 /* AppDelegate.m in Sources */ = {isa = PBXBuildFile; fileRef = 1231DD791DEE5F8C00D74014 /* AppDelegate.m */; };
		1231DD7D1DEE5F8C00D74014 /* ViewController.m in Sources */ = {isa = PBXBuildFile; fileRef = 1231DD7C1DEE5F8C00D74014 /* ViewController.m */; };
		1231DD801DEE5F8C00D74014 /* Main.storyboard in Resources */ = {isa = PBXBuildFile; fileRef = 1231DD7E1DEE5F8C00D74014 /* Main.storyboard */; };
		1231DD821DEE5F8C00D74014 /* Assets.xcassets in Resources */ = {isa = PBXBuildFile; fileRef = 1231DD811DEE5F8C00D74014 /* Assets.xcassets */; };
		1231DD851DEE5F8C00D74014 /* LaunchScreen.storyboard in Resources */ = {isa = PBXBuildFile; fileRef = 1231DD831DEE5F8C00D74014 /* LaunchScreen.storyboard */; };
		1231DD901DEE5F8C00D74014 /* BuilderTests.m in Sources */ = {isa = PBXBuildFile; fileRef = 1231DD8F1DEE5F8C00D74014 /* BuilderTests.m */; };
		1231DD9B1DEE5F8C00D74014 /* BuilderUITests.m in Sources */ = {isa = PBXBuildFile; fileRef = 1231DD9A1DEE5F8C00D74014 /* BuilderUITests.m */; };
/* End PBXBuildFile section */

/* Begin PBXContainerItemProxy section */
		1231DD8C1DEE5F8C00D74014 /* PBXContainerItemProxy */ = {
			isa = PBXContainerItemProxy;
			containerPortal = 1231DD6A1DEE5F8C00D74014 /* Project object */;
			proxyType = 1;
			remoteGlobalIDString = 1231DD711DEE5F8C00D74014;
			remoteInfo = Builder;
		};
		1231DD971DEE5F8C00D74014 /* PBXContainerItemProxy */ = {
			isa = PBXContainerItemProxy;
			containerPortal = 1231DD6A1DEE5F8C00D74014 /* Project object */;
			proxyType = 1;
			remoteGlobalIDString = 1231DD711DEE5F8C00D74014;
			remoteInfo = Builder;
		};
/* End PBXContainerItemProxy section */

/* Begin PBXFileReference section */
		121837E31DEE786A00C6D104 /* htmlBuilder.h */ = {isa = PBXFileReference; fileEncoding = 4; lastKnownFileType = sourcecode.c.h; path = htmlBuilder.h; sourceTree = "<group>"; };
		121837E41DEE786A00C6D104 /* htmlBuilder.m */ = {isa = PBXFileReference; fileEncoding = 4; lastKnownFileType = sourcecode.c.objc; path = htmlBuilder.m; sourceTree = "<group>"; };
		121837E61DEE787800C6D104 /* xmlBuilder.h */ = {isa = PBXFileReference; fileEncoding = 4; lastKnownFileType = sourcecode.c.h; path = xmlBuilder.h; sourceTree = "<group>"; };
		121837E71DEE787800C6D104 /* xmlBuilder.m */ = {isa = PBXFileReference; fileEncoding = 4; lastKnownFileType = sourcecode.c.objc; path = xmlBuilder.m; sourceTree = "<group>"; };
		121837E91DEEAF1B00C6D104 /* builderDirector.h */ = {isa = PBXFileReference; fileEncoding = 4; lastKnownFileType = sourcecode.c.h; path = builderDirector.h; sourceTree = "<group>"; };
		121837EA1DEEAF1B00C6D104 /* builderDirector.m */ = {isa = PBXFileReference; fileEncoding = 4; lastKnownFileType = sourcecode.c.objc; path = builderDirector.m; sourceTree = "<group>"; };
		121837EC1DEEB08E00C6D104 /* builderInterface.h */ = {isa = PBXFileReference; lastKnownFileType = sourcecode.c.h; path = builderInterface.h; sourceTree = "<group>"; };
		1231DD721DEE5F8C00D74014 /* Builder.app */ = {isa = PBXFileReference; explicitFileType = wrapper.application; includeInIndex = 0; path = Builder.app; sourceTree = BUILT_PRODUCTS_DIR; };
		1231DD761DEE5F8C00D74014 /* main.m */ = {isa = PBXFileReference; lastKnownFileType = sourcecode.c.objc; path = main.m; sourceTree = "<group>"; };
		1231DD781DEE5F8C00D74014 /* AppDelegate.h */ = {isa = PBXFileReference; lastKnownFileType = sourcecode.c.h; path = AppDelegate.h; sourceTree = "<group>"; };
		1231DD791DEE5F8C00D74014 /* AppDelegate.m */ = {isa = PBXFileReference; lastKnownFileType = sourcecode.c.objc; path = AppDelegate.m; sourceTree = "<group>"; };
		1231DD7B1DEE5F8C00D74014 /* ViewController.h */ = {isa = PBXFileReference; lastKnownFileType = sourcecode.c.h; path = ViewController.h; sourceTree = "<group>"; };
		1231DD7C1DEE5F8C00D74014 /* ViewController.m */ = {isa = PBXFileReference; lastKnownFileType = sourcecode.c.objc; path = ViewController.m; sourceTree = "<group>"; };
		1231DD7F1DEE5F8C00D74014 /* Base */ = {isa = PBXFileReference; lastKnownFileType = file.storyboard; name = Base; path = Base.lproj/Main.storyboard; sourceTree = "<group>"; };
		1231DD811DEE5F8C00D74014 /* Assets.xcassets */ = {isa = PBXFileReference; lastKnownFileType = folder.assetcatalog; path = Assets.xcassets; sourceTree = "<group>"; };
		1231DD841DEE5F8C00D74014 /* Base */ = {isa = PBXFileReference; lastKnownFileType = file.storyboard; name = Base; path = Base.lproj/LaunchScreen.storyboard; sourceTree = "<group>"; };
		1231DD861DEE5F8C00D74014 /* Info.plist */ = {isa = PBXFileReference; lastKnownFileType = text.plist.xml; path = Info.plist; sourceTree = "<group>"; };
		1231DD8B1DEE5F8C00D74014 /* BuilderTests.xctest */ = {isa = PBXFileReference; explicitFileType = wrapper.cfbundle; includeInIndex = 0; path = BuilderTests.xctest; sourceTree = BUILT_PRODUCTS_DIR; };
		1231DD8F1DEE5F8C00D74014 /* BuilderTests.m */ = {isa = PBXFileReference; lastKnownFileType = sourcecode.c.objc; path = BuilderTests.m; sourceTree = "<group>"; };
		1231DD911DEE5F8C00D74014 /* Info.plist */ = {isa = PBXFileReference; lastKnownFileType = text.plist.xml; path = Info.plist; sourceTree = "<group>"; };
		1231DD961DEE5F8C00D74014 /* BuilderUITests.xctest */ = {isa = PBXFileReference; explicitFileType = wrapper.cfbundle; includeInIndex = 0; path = BuilderUITests.xctest; sourceTree = BUILT_PRODUCTS_DIR; };
		1231DD9A1DEE5F8C00D74014 /* BuilderUITests.m */ = {isa = PBXFileReference; lastKnownFileType = sourcecode.c.objc; path = BuilderUITests.m; sourceTree = "<group>"; };
		1231DD9C1DEE5F8C00D74014 /* Info.plist */ = {isa = PBXFileReference; lastKnownFileType = text.plist.xml; path = Info.plist; sourceTree = "<group>"; };
/* End PBXFileReference section */

/* Begin PBXFrameworksBuildPhase section */
		1231DD6F1DEE5F8C00D74014 /* Frameworks */ = {
			isa = PBXFrameworksBuildPhase;
			buildActionMask = 2147483647;
			files = (
			);
			runOnlyForDeploymentPostprocessing = 0;
		};
		1231DD881DEE5F8C00D74014 /* Frameworks */ = {
			isa = PBXFrameworksBuildPhase;
			buildActionMask = 2147483647;
			files = (
			);
			runOnlyForDeploymentPostprocessing = 0;
		};
		1231DD931DEE5F8C00D74014 /* Frameworks */ = {
			isa = PBXFrameworksBuildPhase;
			buildActionMask = 2147483647;
			files = (
			);
			runOnlyForDeploymentPostprocessing = 0;
		};
/* End PBXFrameworksBuildPhase section */

/* Begin PBXGroup section */
		1231DD691DEE5F8C00D74014 = {
			isa = PBXGroup;
			children = (
				1231DD741DEE5F8C00D74014 /* Builder */,
				1231DD8E1DEE5F8C00D74014 /* BuilderTests */,
				1231DD991DEE5F8C00D74014 /* BuilderUITests */,
				1231DD731DEE5F8C00D74014 /* Products */,
			);
			sourceTree = "<group>";
		};
		1231DD731DEE5F8C00D74014 /* Products */ = {
			isa = PBXGroup;
			children = (
				1231DD721DEE5F8C00D74014 /* Builder.app */,
				1231DD8B1DEE5F8C00D74014 /* BuilderTests.xctest */,
				1231DD961DEE5F8C00D74014 /* BuilderUITests.xctest */,
			);
			name = Products;
			sourceTree = "<group>";
		};
		1231DD741DEE5F8C00D74014 /* Builder */ = {
			isa = PBXGroup;
			children = (
				1231DD781DEE5F8C00D74014 /* AppDelegate.h */,
				1231DD791DEE5F8C00D74014 /* AppDelegate.m */,
				1231DD7B1DEE5F8C00D74014 /* ViewController.h */,
				1231DD7C1DEE5F8C00D74014 /* ViewController.m */,
				121837EC1DEEB08E00C6D104 /* builderInterface.h */,
				121837E31DEE786A00C6D104 /* htmlBuilder.h */,
				121837E41DEE786A00C6D104 /* htmlBuilder.m */,
				121837E61DEE787800C6D104 /* xmlBuilder.h */,
				121837E71DEE787800C6D104 /* xmlBuilder.m */,
				121837E91DEEAF1B00C6D104 /* builderDirector.h */,
				121837EA1DEEAF1B00C6D104 /* builderDirector.m */,
				1231DD7E1DEE5F8C00D74014 /* Main.storyboard */,
				1231DD811DEE5F8C00D74014 /* Assets.xcassets */,
				1231DD831DEE5F8C00D74014 /* LaunchScreen.storyboard */,
				1231DD861DEE5F8C00D74014 /* Info.plist */,
				1231DD751DEE5F8C00D74014 /* Supporting Files */,
			);
			path = Builder;
			sourceTree = "<group>";
		};
		1231DD751DEE5F8C00D74014 /* Supporting Files */ = {
			isa = PBXGroup;
			children = (
				1231DD761DEE5F8C00D74014 /* main.m */,
			);
			name = "Supporting Files";
			sourceTree = "<group>";
		};
		1231DD8E1DEE5F8C00D74014 /* BuilderTests */ = {
			isa = PBXGroup;
			children = (
				1231DD8F1DEE5F8C00D74014 /* BuilderTests.m */,
				1231DD911DEE5F8C00D74014 /* Info.plist */,
			);
			path = BuilderTests;
			sourceTree = "<group>";
		};
		1231DD991DEE5F8C00D74014 /* BuilderUITests */ = {
			isa = PBXGroup;
			children = (
				1231DD9A1DEE5F8C00D74014 /* BuilderUITests.m */,
				1231DD9C1DEE5F8C00D74014 /* Info.plist */,
			);
			path = BuilderUITests;
			sourceTree = "<group>";
		};
/* End PBXGroup section */

/* Begin PBXNativeTarget section */
		1231DD711DEE5F8C00D74014 /* Builder */ = {
			isa = PBXNativeTarget;
			buildConfigurationList = 1231DD9F1DEE5F8C00D74014 /* Build configuration list for PBXNativeTarget "Builder" */;
			buildPhases = (
				1231DD6E1DEE5F8C00D74014 /* Sources */,
				1231DD6F1DEE5F8C00D74014 /* Frameworks */,
				1231DD701DEE5F8C00D74014 /* Resources */,
			);
			buildRules = (
			);
			dependencies = (
			);
			name = Builder;
			productName = Builder;
			productReference = 1231DD721DEE5F8C00D74014 /* Builder.app */;
			productType = "com.apple.product-type.application";
		};
		1231DD8A1DEE5F8C00D74014 /* BuilderTests */ = {
			isa = PBXNativeTarget;
			buildConfigurationList = 1231DDA21DEE5F8C00D74014 /* Build configuration list for PBXNativeTarget "BuilderTests" */;
			buildPhases = (
				1231DD871DEE5F8C00D74014 /* Sources */,
				1231DD881DEE5F8C00D74014 /* Frameworks */,
				1231DD891DEE5F8C00D74014 /* Resources */,
			);
			buildRules = (
			);
			dependencies = (
				1231DD8D1DEE5F8C00D74014 /* PBXTargetDependency */,
			);
			name = BuilderTests;
			productName = BuilderTests;
			productReference = 1231DD8B1DEE5F8C00D74014 /* BuilderTests.xctest */;
			productType = "com.apple.product-type.bundle.unit-test";
		};
		1231DD951DEE5F8C00D74014 /* BuilderUITests */ = {
			isa = PBXNativeTarget;
			buildConfigurationList = 1231DDA51DEE5F8C00D74014 /* Build configuration list for PBXNativeTarget "BuilderUITests" */;
			buildPhases = (
				1231DD921DEE5F8C00D74014 /* Sources */,
				1231DD931DEE5F8C00D74014 /* Frameworks */,
				1231DD941DEE5F8C00D74014 /* Resources */,
			);
			buildRules = (
			);
			dependencies = (
				1231DD981DEE5F8C00D74014 /* PBXTargetDependency */,
			);
			name = BuilderUITests;
			productName = BuilderUITests;
			productReference = 1231DD961DEE5F8C00D74014 /* BuilderUITests.xctest */;
			productType = "com.apple.product-type.bundle.ui-testing";
		};
/* End PBXNativeTarget section */

/* Begin PBXProject section */
		1231DD6A1DEE5F8C00D74014 /* Project object */ = {
			isa = PBXProject;
			attributes = {
				LastUpgradeCheck = 0810;
				ORGANIZATIONNAME = "陈栋楠";
				TargetAttributes = {
					1231DD711DEE5F8C00D74014 = {
						CreatedOnToolsVersion = 8.1;
						ProvisioningStyle = Automatic;
					};
					1231DD8A1DEE5F8C00D74014 = {
						CreatedOnToolsVersion = 8.1;
						ProvisioningStyle = Automatic;
						TestTargetID = 1231DD711DEE5F8C00D74014;
					};
					1231DD951DEE5F8C00D74014 = {
						CreatedOnToolsVersion = 8.1;
						ProvisioningStyle = Automatic;
						TestTargetID = 1231DD711DEE5F8C00D74014;
					};
				};
			};
			buildConfigurationList = 1231DD6D1DEE5F8C00D74014 /* Build configuration list for PBXProject "Builder" */;
			compatibilityVersion = "Xcode 3.2";
			developmentRegion = English;
			hasScannedForEncodings = 0;
			knownRegions = (
				en,
				Base,
			);
			mainGroup = 1231DD691DEE5F8C00D74014;
			productRefGroup = 1231DD731DEE5F8C00D74014 /* Products */;
			projectDirPath = "";
			projectRoot = "";
			targets = (
				1231DD711DEE5F8C00D74014 /* Builder */,
				1231DD8A1DEE5F8C00D74014 /* BuilderTests */,
				1231DD951DEE5F8C00D74014 /* BuilderUITests */,
			);
		};
/* End PBXProject section */

/* Begin PBXResourcesBuildPhase section */
		1231DD701DEE5F8C00D74014 /* Resources */ = {
			isa = PBXResourcesBuildPhase;
			buildActionMask = 2147483647;
			files = (
				1231DD851DEE5F8C00D74014 /* LaunchScreen.storyboard in Resources */,
				1231DD821DEE5F8C00D74014 /* Assets.xcassets in Resources */,
				1231DD801DEE5F8C00D74014 /* Main.storyboard in Resources */,
			);
			runOnlyForDeploymentPostprocessing = 0;
		};
		1231DD891DEE5F8C00D74014 /* Resources */ = {
			isa = PBXResourcesBuildPhase;
			buildActionMask = 2147483647;
			files = (
			);
			runOnlyForDeploymentPostprocessing = 0;
		};
		1231DD941DEE5F8C00D74014 /* Resources */ = {
			isa = PBXResourcesBuildPhase;
			buildActionMask = 2147483647;
			files = (
			);
			runOnlyForDeploymentPostprocessing = 0;
		};
/* End PBXResourcesBuildPhase section */

/* Begin PBXSourcesBuildPhase section */
		1231DD6E1DEE5F8C00D74014 /* Sources */ = {
			isa = PBXSourcesBuildPhase;
			buildActionMask = 2147483647;
			files = (
				121837EB1DEEAF1B00C6D104 /* builderDirector.m in Sources */,
				1231DD7D1DEE5F8C00D74014 /* ViewController.m in Sources */,
				1231DD7A1DEE5F8C00D74014 /* AppDelegate.m in Sources */,
				1231DD771DEE5F8C00D74014 /* main.m in Sources */,
				121837E51DEE786A00C6D104 /* htmlBuilder.m in Sources */,
				121837E81DEE787800C6D104 /* xmlBuilder.m in Sources */,
			);
			runOnlyForDeploymentPostprocessing = 0;
		};
		1231DD871DEE5F8C00D74014 /* Sources */ = {
			isa = PBXSourcesBuildPhase;
			buildActionMask = 2147483647;
			files = (
				1231DD901DEE5F8C00D74014 /* BuilderTests.m in Sources */,
			);
			runOnlyForDeploymentPostprocessing = 0;
		};
		1231DD921DEE5F8C00D74014 /* Sources */ = {
			isa = PBXSourcesBuildPhase;
			buildActionMask = 2147483647;
			files = (
				1231DD9B1DEE5F8C00D74014 /* BuilderUITests.m in Sources */,
			);
			runOnlyForDeploymentPostprocessing = 0;
		};
/* End PBXSourcesBuildPhase section */

/* Begin PBXTargetDependency section */
		1231DD8D1DEE5F8C00D74014 /* PBXTargetDependency */ = {
			isa = PBXTargetDependency;
			target = 1231DD711DEE5F8C00D74014 /* Builder */;
			targetProxy = 1231DD8C1DEE5F8C00D74014 /* PBXContainerItemProxy */;
		};
		1231DD981DEE5F8C00D74014 /* PBXTargetDependency */ = {
			isa = PBXTargetDependency;
			target = 1231DD711DEE5F8C00D74014 /* Builder */;
			targetProxy = 1231DD971DEE5F8C00D74014 /* PBXContainerItemProxy */;
		};
/* End PBXTargetDependency section */

/* Begin PBXVariantGroup section */
		1231DD7E1DEE5F8C00D74014 /* Main.storyboard */ = {
			isa = PBXVariantGroup;
			children = (
				1231DD7F1DEE5F8C00D74014 /* Base */,
			);
			name = Main.storyboard;
			sourceTree = "<group>";
		};
		1231DD831DEE5F8C00D74014 /* LaunchScreen.storyboard */ = {
			isa = PBXVariantGroup;
			children = (
				1231DD841DEE5F8C00D74014 /* Base */,
			);
			name = LaunchScreen.storyboard;
			sourceTree = "<group>";
		};
/* End PBXVariantGroup section */

/* Begin XCBuildConfiguration section */
		1231DD9D1DEE5F8C00D74014 /* Debug */ = {
			isa = XCBuildConfiguration;
			buildSettings = {
				ALWAYS_SEARCH_USER_PATHS = NO;
				CLANG_ANALYZER_NONNULL = YES;
				CLANG_CXX_LANGUAGE_STANDARD = "gnu++0x";
				CLANG_CXX_LIBRARY = "libc++";
				CLANG_ENABLE_MODULES = YES;
				CLANG_ENABLE_OBJC_ARC = YES;
				CLANG_WARN_BOOL_CONVERSION = YES;
				CLANG_WARN_CONSTANT_CONVERSION = YES;
				CLANG_WARN_DIRECT_OBJC_ISA_USAGE = YES_ERROR;
				CLANG_WARN_DOCUMENTATION_COMMENTS = YES;
				CLANG_WARN_EMPTY_BODY = YES;
				CLANG_WARN_ENUM_CONVERSION = YES;
				CLANG_WARN_INFINITE_RECURSION = YES;
				CLANG_WARN_INT_CONVERSION = YES;
				CLANG_WARN_OBJC_ROOT_CLASS = YES_ERROR;
				CLANG_WARN_SUSPICIOUS_MOVES = YES;
				CLANG_WARN_UNREACHABLE_CODE = YES;
				CLANG_WARN__DUPLICATE_METHOD_MATCH = YES;
				"CODE_SIGN_IDENTITY[sdk=iphoneos*]" = "iPhone Developer";
				COPY_PHASE_STRIP = NO;
				DEBUG_INFORMATION_FORMAT = dwarf;
				ENABLE_STRICT_OBJC_MSGSEND = YES;
				ENABLE_TESTABILITY = YES;
				GCC_C_LANGUAGE_STANDARD = gnu99;
				GCC_DYNAMIC_NO_PIC = NO;
				GCC_NO_COMMON_BLOCKS = YES;
				GCC_OPTIMIZATION_LEVEL = 0;
				GCC_PREPROCESSOR_DEFINITIONS = (
					"DEBUG=1",
					"$(inherited)",
				);
				GCC_WARN_64_TO_32_BIT_CONVERSION = YES;
				GCC_WARN_ABOUT_RETURN_TYPE = YES_ERROR;
				GCC_WARN_UNDECLARED_SELECTOR = YES;
				GCC_WARN_UNINITIALIZED_AUTOS = YES_AGGRESSIVE;
				GCC_WARN_UNUSED_FUNCTION = YES;
				GCC_WARN_UNUSED_VARIABLE = YES;
				IPHONEOS_DEPLOYMENT_TARGET = 10.1;
				MTL_ENABLE_DEBUG_INFO = YES;
				ONLY_ACTIVE_ARCH = YES;
				SDKROOT = iphoneos;
				TARGETED_DEVICE_FAMILY = "1,2";
			};
			name = Debug;
		};
		1231DD9E1DEE5F8C00D74014 /* Release */ = {
			isa = XCBuildConfiguration;
			buildSettings = {
				ALWAYS_SEARCH_USER_PATHS = NO;
				CLANG_ANALYZER_NONNULL = YES;
				CLANG_CXX_LANGUAGE_STANDARD = "gnu++0x";
				CLANG_CXX_LIBRARY = "libc++";
				CLANG_ENABLE_MODULES = YES;
				CLANG_ENABLE_OBJC_ARC = YES;
				CLANG_WARN_BOOL_CONVERSION = YES;
				CLANG_WARN_CONSTANT_CONVERSION = YES;
				CLANG_WARN_DIRECT_OBJC_ISA_USAGE = YES_ERROR;
				CLANG_WARN_DOCUMENTATION_COMMENTS = YES;
				CLANG_WARN_EMPTY_BODY = YES;
				CLANG_WARN_ENUM_CONVERSION = YES;
				CLANG_WARN_INFINITE_RECURSION = YES;
				CLANG_WARN_INT_CONVERSION = YES;
				CLANG_WARN_OBJC_ROOT_CLASS = YES_ERROR;
				CLANG_WARN_SUSPICIOUS_MOVES = YES;
				CLANG_WARN_UNREACHABLE_CODE = YES;
				CLANG_WARN__DUPLICATE_METHOD_MATCH = YES;
				"CODE_SIGN_IDENTITY[sdk=iphoneos*]" = "iPhone Developer";
				COPY_PHASE_STRIP = NO;
				DEBUG_INFORMATION_FORMAT = "dwarf-with-dsym";
				ENABLE_NS_ASSERTIONS = NO;
				ENABLE_STRICT_OBJC_MSGSEND = YES;
				GCC_C_LANGUAGE_STANDARD = gnu99;
				GCC_NO_COMMON_BLOCKS = YES;
				GCC_WARN_64_TO_32_BIT_CONVERSION = YES;
				GCC_WARN_ABOUT_RETURN_TYPE = YES_ERROR;
				GCC_WARN_UNDECLARED_SELECTOR = YES;
				GCC_WARN_UNINITIALIZED_AUTOS = YES_AGGRESSIVE;
				GCC_WARN_UNUSED_FUNCTION = YES;
				GCC_WARN_UNUSED_VARIABLE = YES;
				IPHONEOS_DEPLOYMENT_TARGET = 10.1;
				MTL_ENABLE_DEBUG_INFO = NO;
				SDKROOT = iphoneos;
				TARGETED_DEVICE_FAMILY = "1,2";
				VALIDATE_PRODUCT = YES;
			};
			name = Release;
		};
		1231DDA01DEE5F8C00D74014 /* Debug */ = {
			isa = XCBuildConfiguration;
			buildSettings = {
				ASSETCATALOG_COMPILER_APPICON_NAME = AppIcon;
				INFOPLIST_FILE = Builder/Info.plist;
				LD_RUNPATH_SEARCH_PATHS = "$(inherited) @executable_path/Frameworks";
				PRODUCT_BUNDLE_IDENTIFIER = mydemo.Builder.Builder;
				PRODUCT_NAME = "$(TARGET_NAME)";
			};
			name = Debug;
		};
		1231DDA11DEE5F8C00D74014 /* Release */ = {
			isa = XCBuildConfiguration;
			buildSettings = {
				ASSETCATALOG_COMPILER_APPICON_NAME = AppIcon;
				INFOPLIST_FILE = Builder/Info.plist;
				LD_RUNPATH_SEARCH_PATHS = "$(inherited) @executable_path/Frameworks";
				PRODUCT_BUNDLE_IDENTIFIER = mydemo.Builder.Builder;
				PRODUCT_NAME = "$(TARGET_NAME)";
			};
			name = Release;
		};
		1231DDA31DEE5F8C00D74014 /* Debug */ = {
			isa = XCBuildConfiguration;
			buildSettings = {
				BUNDLE_LOADER = "$(TEST_HOST)";
				INFOPLIST_FILE = BuilderTests/Info.plist;
				LD_RUNPATH_SEARCH_PATHS = "$(inherited) @executable_path/Frameworks @loader_path/Frameworks";
				PRODUCT_BUNDLE_IDENTIFIER = mydemo.Builder.BuilderTests;
				PRODUCT_NAME = "$(TARGET_NAME)";
				TEST_HOST = "$(BUILT_PRODUCTS_DIR)/Builder.app/Builder";
			};
			name = Debug;
		};
		1231DDA41DEE5F8C00D74014 /* Release */ = {
			isa = XCBuildConfiguration;
			buildSettings = {
				BUNDLE_LOADER = "$(TEST_HOST)";
				INFOPLIST_FILE = BuilderTests/Info.plist;
				LD_RUNPATH_SEARCH_PATHS = "$(inherited) @executable_path/Frameworks @loader_path/Frameworks";
				PRODUCT_BUNDLE_IDENTIFIER = mydemo.Builder.BuilderTests;
				PRODUCT_NAME = "$(TARGET_NAME)";
				TEST_HOST = "$(BUILT_PRODUCTS_DIR)/Builder.app/Builder";
			};
			name = Release;
		};
		1231DDA61DEE5F8C00D74014 /* Debug */ = {
			isa = XCBuildConfiguration;
			buildSettings = {
				INFOPLIST_FILE = BuilderUITests/Info.plist;
				LD_RUNPATH_SEARCH_PATHS = "$(inherited) @executable_path/Frameworks @loader_path/Frameworks";
				PRODUCT_BUNDLE_IDENTIFIER = mydemo.Builder.BuilderUITests;
				PRODUCT_NAME = "$(TARGET_NAME)";
				TEST_TARGET_NAME = Builder;
			};
			name = Debug;
		};
		1231DDA71DEE5F8C00D74014 /* Release */ = {
			isa = XCBuildConfiguration;
			buildSettings = {
				INFOPLIST_FILE = BuilderUITests/Info.plist;
				LD_RUNPATH_SEARCH_PATHS = "$(inherited) @executable_path/Frameworks @loader_path/Frameworks";
				PRODUCT_BUNDLE_IDENTIFIER = mydemo.Builder.BuilderUITests;
				PRODUCT_NAME = "$(TARGET_NAME)";
				TEST_TARGET_NAME = Builder;
			};
			name = Release;
		};
/* End XCBuildConfiguration section */

/* Begin XCConfigurationList section */
		1231DD6D1DEE5F8C00D74014 /* Build configuration list for PBXProject "Builder" */ = {
			isa = XCConfigurationList;
			buildConfigurations = (
				1231DD9D1DEE5F8C00D74014 /* Debug */,
				1231DD9E1DEE5F8C00D74014 /* Release */,
			);
			defaultConfigurationIsVisible = 0;
			defaultConfigurationName = Release;
		};
		1231DD9F1DEE5F8C00D74014 /* Build configuration list for PBXNativeTarget "Builder" */ = {
			isa = XCConfigurationList;
			buildConfigurations = (
				1231DDA01DEE5F8C00D74014 /* Debug */,
				1231DDA11DEE5F8C00D74014 /* Release */,
			);
			defaultConfigurationIsVisible = 0;
			defaultConfigurationName = Release;
		};
		1231DDA21DEE5F8C00D74014 /* Build configuration list for PBXNativeTarget "BuilderTests" */ = {
			isa = XCConfigurationList;
			buildConfigurations = (
				1231DDA31DEE5F8C00D74014 /* Debug */,
				1231DDA41DEE5F8C00D74014 /* Release */,
			);
			defaultConfigurationIsVisible = 0;
			defaultConfigurationName = Release;
		};
		1231DDA51DEE5F8C00D74014 /* Build configuration list for PBXNativeTarget "BuilderUITests" */ = {
			isa = XCConfigurationList;
			buildConfigurations = (
				1231DDA61DEE5F8C00D74014 /* Debug */,
				1231DDA71DEE5F8C00D74014 /* Release */,
			);
			defaultConfigurationIsVisible = 0;
			defaultConfigurationName = Release;
		};
/* End XCConfigurationList section */
	};
	rootObject = 1231DD6A1DEE5F8C00D74014 /* Project object */;
}
