// !$*UTF8*$!
{
	archiveVersion = 1;
	classes = {
	};
	objectVersion = 46;
	objects = {

/* Begin PBXBuildFile section */
		1285A0CE1DF8F8BD00C291A0 /* main.m in Sources */ = {isa = PBXBuildFile; fileRef = 1285A0CD1DF8F8BD00C291A0 /* main.m */; };
		1285A0D91DF8FD1700C291A0 /* NationalDayStrategy.m in Sources */ = {isa = PBXBuildFile; fileRef = 1285A0D81DF8FD1700C291A0 /* NationalDayStrategy.m */; };
		1285A0DD1DF8FEE300C291A0 /* Price.m in Sources */ = {isa = PBXBuildFile; fileRef = 1285A0DC1DF8FEE300C291A0 /* Price.m */; };
		1285A0E01DF90D0700C291A0 /* discountStrategy.m in Sources */ = {isa = PBXBuildFile; fileRef = 1285A0DF1DF90D0700C291A0 /* discountStrategy.m */; };
/* End PBXBuildFile section */

/* Begin PBXCopyFilesBuildPhase section */
		1285A0C81DF8F8BD00C291A0 /* CopyFiles */ = {
			isa = PBXCopyFilesBuildPhase;
			buildActionMask = 2147483647;
			dstPath = /usr/share/man/man1/;
			dstSubfolderSpec = 0;
			files = (
			);
			runOnlyForDeploymentPostprocessing = 1;
		};
/* End PBXCopyFilesBuildPhase section */

/* Begin PBXFileReference section */
		1285A0CA1DF8F8BD00C291A0 /* Strategy */ = {isa = PBXFileReference; explicitFileType = "compiled.mach-o.executable"; includeInIndex = 0; path = Strategy; sourceTree = BUILT_PRODUCTS_DIR; };
		1285A0CD1DF8F8BD00C291A0 /* main.m */ = {isa = PBXFileReference; lastKnownFileType = sourcecode.c.objc; path = main.m; sourceTree = "<group>"; };
		1285A0D41DF8F9C700C291A0 /* strategy.h */ = {isa = PBXFileReference; lastKnownFileType = sourcecode.c.h; path = strategy.h; sourceTree = "<group>"; };
		1285A0D71DF8FD1700C291A0 /* NationalDayStrategy.h */ = {isa = PBXFileReference; fileEncoding = 4; lastKnownFileType = sourcecode.c.h; path = NationalDayStrategy.h; sourceTree = "<group>"; };
		1285A0D81DF8FD1700C291A0 /* NationalDayStrategy.m */ = {isa = PBXFileReference; fileEncoding = 4; lastKnownFileType = sourcecode.c.objc; path = NationalDayStrategy.m; sourceTree = "<group>"; };
		1285A0DB1DF8FEE300C291A0 /* Price.h */ = {isa = PBXFileReference; fileEncoding = 4; lastKnownFileType = sourcecode.c.h; path = Price.h; sourceTree = "<group>"; };
		1285A0DC1DF8FEE300C291A0 /* Price.m */ = {isa = PBXFileReference; fileEncoding = 4; lastKnownFileType = sourcecode.c.objc; path = Price.m; sourceTree = "<group>"; };
		1285A0DE1DF90D0700C291A0 /* discountStrategy.h */ = {isa = PBXFileReference; fileEncoding = 4; lastKnownFileType = sourcecode.c.h; path = discountStrategy.h; sourceTree = "<group>"; };
		1285A0DF1DF90D0700C291A0 /* discountStrategy.m */ = {isa = PBXFileReference; fileEncoding = 4; lastKnownFileType = sourcecode.c.objc; path = discountStrategy.m; sourceTree = "<group>"; };
/* End PBXFileReference section */

/* Begin PBXFrameworksBuildPhase section */
		1285A0C71DF8F8BD00C291A0 /* Frameworks */ = {
			isa = PBXFrameworksBuildPhase;
			buildActionMask = 2147483647;
			files = (
			);
			runOnlyForDeploymentPostprocessing = 0;
		};
/* End PBXFrameworksBuildPhase section */

/* Begin PBXGroup section */
		1285A0C11DF8F8BD00C291A0 = {
			isa = PBXGroup;
			children = (
				1285A0CC1DF8F8BD00C291A0 /* Strategy */,
				1285A0CB1DF8F8BD00C291A0 /* Products */,
			);
			sourceTree = "<group>";
		};
		1285A0CB1DF8F8BD00C291A0 /* Products */ = {
			isa = PBXGroup;
			children = (
				1285A0CA1DF8F8BD00C291A0 /* Strategy */,
			);
			name = Products;
			sourceTree = "<group>";
		};
		1285A0CC1DF8F8BD00C291A0 /* Strategy */ = {
			isa = PBXGroup;
			children = (
				1285A0DA1DF8FECD00C291A0 /* context */,
				1285A0D61DF8FCEA00C291A0 /* strategies */,
				1285A0D51DF8FB2E00C291A0 /* Interface */,
				1285A0CD1DF8F8BD00C291A0 /* main.m */,
			);
			path = Strategy;
			sourceTree = "<group>";
		};
		1285A0D51DF8FB2E00C291A0 /* Interface */ = {
			isa = PBXGroup;
			children = (
				1285A0D41DF8F9C700C291A0 /* strategy.h */,
			);
			name = Interface;
			sourceTree = "<group>";
		};
		1285A0D61DF8FCEA00C291A0 /* strategies */ = {
			isa = PBXGroup;
			children = (
				1285A0D71DF8FD1700C291A0 /* NationalDayStrategy.h */,
				1285A0D81DF8FD1700C291A0 /* NationalDayStrategy.m */,
				1285A0DE1DF90D0700C291A0 /* discountStrategy.h */,
				1285A0DF1DF90D0700C291A0 /* discountStrategy.m */,
			);
			name = strategies;
			sourceTree = "<group>";
		};
		1285A0DA1DF8FECD00C291A0 /* context */ = {
			isa = PBXGroup;
			children = (
				1285A0DB1DF8FEE300C291A0 /* Price.h */,
				1285A0DC1DF8FEE300C291A0 /* Price.m */,
			);
			name = context;
			sourceTree = "<group>";
		};
/* End PBXGroup section */

/* Begin PBXNativeTarget section */
		1285A0C91DF8F8BD00C291A0 /* Strategy */ = {
			isa = PBXNativeTarget;
			buildConfigurationList = 1285A0D11DF8F8BD00C291A0 /* Build configuration list for PBXNativeTarget "Strategy" */;
			buildPhases = (
				1285A0C61DF8F8BD00C291A0 /* Sources */,
				1285A0C71DF8F8BD00C291A0 /* Frameworks */,
				1285A0C81DF8F8BD00C291A0 /* CopyFiles */,
			);
			buildRules = (
			);
			dependencies = (
			);
			name = Strategy;
			productName = Strategy;
			productReference = 1285A0CA1DF8F8BD00C291A0 /* Strategy */;
			productType = "com.apple.product-type.tool";
		};
/* End PBXNativeTarget section */

/* Begin PBXProject section */
		1285A0C21DF8F8BD00C291A0 /* Project object */ = {
			isa = PBXProject;
			attributes = {
				LastUpgradeCheck = 0810;
				ORGANIZATIONNAME = "陈栋楠";
				TargetAttributes = {
					1285A0C91DF8F8BD00C291A0 = {
						CreatedOnToolsVersion = 8.1;
						ProvisioningStyle = Automatic;
					};
				};
			};
			buildConfigurationList = 1285A0C51DF8F8BD00C291A0 /* Build configuration list for PBXProject "Strategy" */;
			compatibilityVersion = "Xcode 3.2";
			developmentRegion = English;
			hasScannedForEncodings = 0;
			knownRegions = (
				en,
			);
			mainGroup = 1285A0C11DF8F8BD00C291A0;
			productRefGroup = 1285A0CB1DF8F8BD00C291A0 /* Products */;
			projectDirPath = "";
			projectRoot = "";
			targets = (
				1285A0C91DF8F8BD00C291A0 /* Strategy */,
			);
		};
/* End PBXProject section */

/* Begin PBXSourcesBuildPhase section */
		1285A0C61DF8F8BD00C291A0 /* Sources */ = {
			isa = PBXSourcesBuildPhase;
			buildActionMask = 2147483647;
			files = (
				1285A0DD1DF8FEE300C291A0 /* Price.m in Sources */,
				1285A0E01DF90D0700C291A0 /* discountStrategy.m in Sources */,
				1285A0CE1DF8F8BD00C291A0 /* main.m in Sources */,
				1285A0D91DF8FD1700C291A0 /* NationalDayStrategy.m in Sources */,
			);
			runOnlyForDeploymentPostprocessing = 0;
		};
/* End PBXSourcesBuildPhase section */

/* Begin XCBuildConfiguration section */
		1285A0CF1DF8F8BD00C291A0 /* Debug */ = {
			isa = XCBuildConfiguration;
			buildSettings = {
				ALWAYS_SEARCH_USER_PATHS = NO;
				CLANG_ANALYZER_NONNULL = YES;
				CLANG_CXX_LANGUAGE_STANDARD = "gnu++0x";
				CLANG_CXX_LIBRARY = "libc++";
				CLANG_ENABLE_MODULES = YES;
				CLANG_ENABLE_OBJC_ARC = YES;
				CLANG_WARN_BOOL_CONVERSION = YES;
				CLANG_WARN_CONSTANT_CONVERSION = YES;
				CLANG_WARN_DIRECT_OBJC_ISA_USAGE = YES_ERROR;
				CLANG_WARN_DOCUMENTATION_COMMENTS = YES;
				CLANG_WARN_EMPTY_BODY = YES;
				CLANG_WARN_ENUM_CONVERSION = YES;
				CLANG_WARN_INFINITE_RECURSION = YES;
				CLANG_WARN_INT_CONVERSION = YES;
				CLANG_WARN_OBJC_ROOT_CLASS = YES_ERROR;
				CLANG_WARN_SUSPICIOUS_MOVES = YES;
				CLANG_WARN_UNREACHABLE_CODE = YES;
				CLANG_WARN__DUPLICATE_METHOD_MATCH = YES;
				CODE_SIGN_IDENTITY = "-";
				COPY_PHASE_STRIP = NO;
				DEBUG_INFORMATION_FORMAT = dwarf;
				ENABLE_STRICT_OBJC_MSGSEND = YES;
				ENABLE_TESTABILITY = YES;
				GCC_C_LANGUAGE_STANDARD = gnu99;
				GCC_DYNAMIC_NO_PIC = NO;
				GCC_NO_COMMON_BLOCKS = YES;
				GCC_OPTIMIZATION_LEVEL = 0;
				GCC_PREPROCESSOR_DEFINITIONS = (
					"DEBUG=1",
					"$(inherited)",
				);
				GCC_WARN_64_TO_32_BIT_CONVERSION = YES;
				GCC_WARN_ABOUT_RETURN_TYPE = YES_ERROR;
				GCC_WARN_UNDECLARED_SELECTOR = YES;
				GCC_WARN_UNINITIALIZED_AUTOS = YES_AGGRESSIVE;
				GCC_WARN_UNUSED_FUNCTION = YES;
				GCC_WARN_UNUSED_VARIABLE = YES;
				MACOSX_DEPLOYMENT_TARGET = 10.12;
				MTL_ENABLE_DEBUG_INFO = YES;
				ONLY_ACTIVE_ARCH = YES;
				SDKROOT = macosx;
			};
			name = Debug;
		};
		1285A0D01DF8F8BD00C291A0 /* Release */ = {
			isa = XCBuildConfiguration;
			buildSettings = {
				ALWAYS_SEARCH_USER_PATHS = NO;
				CLANG_ANALYZER_NONNULL = YES;
				CLANG_CXX_LANGUAGE_STANDARD = "gnu++0x";
				CLANG_CXX_LIBRARY = "libc++";
				CLANG_ENABLE_MODULES = YES;
				CLANG_ENABLE_OBJC_ARC = YES;
				CLANG_WARN_BOOL_CONVERSION = YES;
				CLANG_WARN_CONSTANT_CONVERSION = YES;
				CLANG_WARN_DIRECT_OBJC_ISA_USAGE = YES_ERROR;
				CLANG_WARN_DOCUMENTATION_COMMENTS = YES;
				CLANG_WARN_EMPTY_BODY = YES;
				CLANG_WARN_ENUM_CONVERSION = YES;
				CLANG_WARN_INFINITE_RECURSION = YES;
				CLANG_WARN_INT_CONVERSION = YES;
				CLANG_WARN_OBJC_ROOT_CLASS = YES_ERROR;
				CLANG_WARN_SUSPICIOUS_MOVES = YES;
				CLANG_WARN_UNREACHABLE_CODE = YES;
				CLANG_WARN__DUPLICATE_METHOD_MATCH = YES;
				CODE_SIGN_IDENTITY = "-";
				COPY_PHASE_STRIP = NO;
				DEBUG_INFORMATION_FORMAT = "dwarf-with-dsym";
				ENABLE_NS_ASSERTIONS = NO;
				ENABLE_STRICT_OBJC_MSGSEND = YES;
				GCC_C_LANGUAGE_STANDARD = gnu99;
				GCC_NO_COMMON_BLOCKS = YES;
				GCC_WARN_64_TO_32_BIT_CONVERSION = YES;
				GCC_WARN_ABOUT_RETURN_TYPE = YES_ERROR;
				GCC_WARN_UNDECLARED_SELECTOR = YES;
				GCC_WARN_UNINITIALIZED_AUTOS = YES_AGGRESSIVE;
				GCC_WARN_UNUSED_FUNCTION = YES;
				GCC_WARN_UNUSED_VARIABLE = YES;
				MACOSX_DEPLOYMENT_TARGET = 10.12;
				MTL_ENABLE_DEBUG_INFO = NO;
				SDKROOT = macosx;
			};
			name = Release;
		};
		1285A0D21DF8F8BD00C291A0 /* Debug */ = {
			isa = XCBuildConfiguration;
			buildSettings = {
				PRODUCT_NAME = "$(TARGET_NAME)";
			};
			name = Debug;
		};
		1285A0D31DF8F8BD00C291A0 /* Release */ = {
			isa = XCBuildConfiguration;
			buildSettings = {
				PRODUCT_NAME = "$(TARGET_NAME)";
			};
			name = Release;
		};
/* End XCBuildConfiguration section */

/* Begin XCConfigurationList section */
		1285A0C51DF8F8BD00C291A0 /* Build configuration list for PBXProject "Strategy" */ = {
			isa = XCConfigurationList;
			buildConfigurations = (
				1285A0CF1DF8F8BD00C291A0 /* Debug */,
				1285A0D01DF8F8BD00C291A0 /* Release */,
			);
			defaultConfigurationIsVisible = 0;
			defaultConfigurationName = Release;
		};
		1285A0D11DF8F8BD00C291A0 /* Build configuration list for PBXNativeTarget "Strategy" */ = {
			isa = XCConfigurationList;
			buildConfigurations = (
				1285A0D21DF8F8BD00C291A0 /* Debug */,
				1285A0D31DF8F8BD00C291A0 /* Release */,
			);
			defaultConfigurationIsVisible = 0;
		};
/* End XCConfigurationList section */
	};
	rootObject = 1285A0C21DF8F8BD00C291A0 /* Project object */;
}
